
Microsoft Visual Studio Solution File, Format Version 12.00
# Visual Studio Version 17
VisualStudioVersion = 17.1.32421.90
MinimumVisualStudioVersion = 10.0.40219.1
Project("{FAE04EC0-301F-11D3-BF4B-00C04F79EFBC}") = "ApiWithJWT", "ApiWithJWT\ApiWithJWT.csproj", "{06EEA5D1-3734-4F29-B2AD-849195F08DF3}"
EndProject
Global
	GlobalSection(SolutionConfigurationPlatforms) = preSolution
		Debug|Any CPU = Debug|Any CPU
		Release|Any CPU = Release|Any CPU
	EndGlobalSection
	GlobalSection(ProjectConfigurationPlatforms) = postSolution
		{06EEA5D1-3734-4F29-B2AD-849195F08DF3}.Debug|Any CPU.ActiveCfg = Debug|Any CPU
		{06EEA5D1-3734-4F29-B2AD-849195F08DF3}.Debug|Any CPU.Build.0 = Debug|Any CPU
		{06EEA5D1-3734-4F29-B2AD-849195F08DF3}.Release|Any CPU.ActiveCfg = Release|Any CPU
		{06EEA5D1-3734-4F29-B2AD-849195F08DF3}.Release|Any CPU.Build.0 = Release|Any CPU
	EndGlobalSection
	GlobalSection(SolutionProperties) = preSolution
		HideSolutionNode = FALSE
	EndGlobalSection
	GlobalSection(ExtensibilityGlobals) = postSolution
		SolutionGuid = {68F0DB5D-9A57-4E32-AE15-1D2E5C0A2F10}
	EndGlobalSection
EndGlobal
